
Microsoft Visual Studio Solution File, Format Version 12.00
# Visual Studio Version 16
VisualStudioVersion = 16.0.30320.27
MinimumVisualStudioVersion = 10.0.40219.1
Project("{FAE04EC0-301F-11D3-BF4B-00C04F79EFBC}") = "amazonpt.Android", "amazonpt.Android\amazonpt.Android.csproj", "{89C73E5C-F40F-43B9-A8BB-C2875973F74C}"
EndProject
Project("{FAE04EC0-301F-11D3-BF4B-00C04F79EFBC}") = "amazonpt", "amazonpt\amazonpt.csproj", "{4C144FE5-EC56-42AB-95A5-2A2DEF197DD2}"
EndProject
Global
	GlobalSection(SolutionConfigurationPlatforms) = preSolution
		Debug|Any CPU = Debug|Any CPU
		Release|Any CPU = Release|Any CPU
	EndGlobalSection
	GlobalSection(ProjectConfigurationPlatforms) = postSolution
		{89C73E5C-F40F-43B9-A8BB-C2875973F74C}.Debug|Any CPU.ActiveCfg = Debug|Any CPU
		{89C73E5C-F40F-43B9-A8BB-C2875973F74C}.Debug|Any CPU.Build.0 = Debug|Any CPU
		{89C73E5C-F40F-43B9-A8BB-C2875973F74C}.Debug|Any CPU.Deploy.0 = Debug|Any CPU
		{89C73E5C-F40F-43B9-A8BB-C2875973F74C}.Release|Any CPU.ActiveCfg = Release|Any CPU
		{89C73E5C-F40F-43B9-A8BB-C2875973F74C}.Release|Any CPU.Build.0 = Release|Any CPU
		{89C73E5C-F40F-43B9-A8BB-C2875973F74C}.Release|Any CPU.Deploy.0 = Release|Any CPU
		{4C144FE5-EC56-42AB-95A5-2A2DEF197DD2}.Debug|Any CPU.ActiveCfg = Debug|Any CPU
		{4C144FE5-EC56-42AB-95A5-2A2DEF197DD2}.Debug|Any CPU.Build.0 = Debug|Any CPU
		{4C144FE5-EC56-42AB-95A5-2A2DEF197DD2}.Debug|Any CPU.Deploy.0 = Debug|Any CPU
		{4C144FE5-EC56-42AB-95A5-2A2DEF197DD2}.Release|Any CPU.ActiveCfg = Release|Any CPU
		{4C144FE5-EC56-42AB-95A5-2A2DEF197DD2}.Release|Any CPU.Build.0 = Release|Any CPU
		{4C144FE5-EC56-42AB-95A5-2A2DEF197DD2}.Release|Any CPU.Deploy.0 = Release|Any CPU
	EndGlobalSection
	GlobalSection(SolutionProperties) = preSolution
		HideSolutionNode = FALSE
	EndGlobalSection
	GlobalSection(ExtensibilityGlobals) = postSolution
		SolutionGuid = {8260EEE1-E72A-498D-BF34-89DA5AB06BD6}
	EndGlobalSection
EndGlobal
